// !$*UTF8*$!
{
	archiveVersion = 1;
	classes = {
	};
	objectVersion = 46;
	objects = {

/* Begin PBXBuildFile section */
		7BB2EA301C2473FA009BFDDA /* AppDelegate.swift in Sources */ = {isa = PBXBuildFile; fileRef = 7BB2EA2F1C2473FA009BFDDA /* AppDelegate.swift */; };
		7BB2EA321C2473FA009BFDDA /* ViewController.swift in Sources */ = {isa = PBXBuildFile; fileRef = 7BB2EA311C2473FA009BFDDA /* ViewController.swift */; };
		7BB2EA351C2473FA009BFDDA /* Main.storyboard in Resources */ = {isa = PBXBuildFile; fileRef = 7BB2EA331C2473FA009BFDDA /* Main.storyboard */; };
		7BB2EA381C2473FA009BFDDA /* RelicGenerator.xcdatamodeld in Sources */ = {isa = PBXBuildFile; fileRef = 7BB2EA361C2473FA009BFDDA /* RelicGenerator.xcdatamodeld */; };
		7BB2EA3A1C2473FA009BFDDA /* Assets.xcassets in Resources */ = {isa = PBXBuildFile; fileRef = 7BB2EA391C2473FA009BFDDA /* Assets.xcassets */; };
		7BB2EA3D1C2473FA009BFDDA /* LaunchScreen.storyboard in Resources */ = {isa = PBXBuildFile; fileRef = 7BB2EA3B1C2473FA009BFDDA /* LaunchScreen.storyboard */; };
		7BB2EA481C2473FB009BFDDA /* RelicGeneratorTests.swift in Sources */ = {isa = PBXBuildFile; fileRef = 7BB2EA471C2473FB009BFDDA /* RelicGeneratorTests.swift */; };
		7BB2EA531C2473FB009BFDDA /* RelicGeneratorUITests.swift in Sources */ = {isa = PBXBuildFile; fileRef = 7BB2EA521C2473FB009BFDDA /* RelicGeneratorUITests.swift */; };
/* End PBXBuildFile section */

/* Begin PBXContainerItemProxy section */
		7BB2EA441C2473FB009BFDDA /* PBXContainerItemProxy */ = {
			isa = PBXContainerItemProxy;
			containerPortal = 7BB2EA241C2473FA009BFDDA /* Project object */;
			proxyType = 1;
			remoteGlobalIDString = 7BB2EA2B1C2473FA009BFDDA;
			remoteInfo = RelicGenerator;
		};
		7BB2EA4F1C2473FB009BFDDA /* PBXContainerItemProxy */ = {
			isa = PBXContainerItemProxy;
			containerPortal = 7BB2EA241C2473FA009BFDDA /* Project object */;
			proxyType = 1;
			remoteGlobalIDString = 7BB2EA2B1C2473FA009BFDDA;
			remoteInfo = RelicGenerator;
		};
/* End PBXContainerItemProxy section */

/* Begin PBXFileReference section */
		7BB2EA2C1C2473FA009BFDDA /* RelicGenerator.app */ = {isa = PBXFileReference; explicitFileType = wrapper.application; includeInIndex = 0; path = RelicGenerator.app; sourceTree = BUILT_PRODUCTS_DIR; };
		7BB2EA2F1C2473FA009BFDDA /* AppDelegate.swift */ = {isa = PBXFileReference; lastKnownFileType = sourcecode.swift; path = AppDelegate.swift; sourceTree = "<group>"; };
		7BB2EA311C2473FA009BFDDA /* ViewController.swift */ = {isa = PBXFileReference; lastKnownFileType = sourcecode.swift; path = ViewController.swift; sourceTree = "<group>"; };
		7BB2EA341C2473FA009BFDDA /* Base */ = {isa = PBXFileReference; lastKnownFileType = file.storyboard; name = Base; path = Base.lproj/Main.storyboard; sourceTree = "<group>"; };
		7BB2EA371C2473FA009BFDDA /* RelicGenerator.xcdatamodel */ = {isa = PBXFileReference; lastKnownFileType = wrapper.xcdatamodel; path = RelicGenerator.xcdatamodel; sourceTree = "<group>"; };
		7BB2EA391C2473FA009BFDDA /* Assets.xcassets */ = {isa = PBXFileReference; lastKnownFileType = folder.assetcatalog; path = Assets.xcassets; sourceTree = "<group>"; };
		7BB2EA3C1C2473FA009BFDDA /* Base */ = {isa = PBXFileReference; lastKnownFileType = file.storyboard; name = Base; path = Base.lproj/LaunchScreen.storyboard; sourceTree = "<group>"; };
		7BB2EA3E1C2473FA009BFDDA /* Info.plist */ = {isa = PBXFileReference; lastKnownFileType = text.plist.xml; path = Info.plist; sourceTree = "<group>"; };
		7BB2EA431C2473FB009BFDDA /* RelicGeneratorTests.xctest */ = {isa = PBXFileReference; explicitFileType = wrapper.cfbundle; includeInIndex = 0; path = RelicGeneratorTests.xctest; sourceTree = BUILT_PRODUCTS_DIR; };
		7BB2EA471C2473FB009BFDDA /* RelicGeneratorTests.swift */ = {isa = PBXFileReference; lastKnownFileType = sourcecode.swift; path = RelicGeneratorTests.swift; sourceTree = "<group>"; };
		7BB2EA491C2473FB009BFDDA /* Info.plist */ = {isa = PBXFileReference; lastKnownFileType = text.plist.xml; path = Info.plist; sourceTree = "<group>"; };
		7BB2EA4E1C2473FB009BFDDA /* RelicGeneratorUITests.xctest */ = {isa = PBXFileReference; explicitFileType = wrapper.cfbundle; includeInIndex = 0; path = RelicGeneratorUITests.xctest; sourceTree = BUILT_PRODUCTS_DIR; };
		7BB2EA521C2473FB009BFDDA /* RelicGeneratorUITests.swift */ = {isa = PBXFileReference; lastKnownFileType = sourcecode.swift; path = RelicGeneratorUITests.swift; sourceTree = "<group>"; };
		7BB2EA541C2473FB009BFDDA /* Info.plist */ = {isa = PBXFileReference; lastKnownFileType = text.plist.xml; path = Info.plist; sourceTree = "<group>"; };
/* End PBXFileReference section */

/* Begin PBXFrameworksBuildPhase section */
		7BB2EA291C2473FA009BFDDA /* Frameworks */ = {
			isa = PBXFrameworksBuildPhase;
			buildActionMask = 2147483647;
			files = (
			);
			runOnlyForDeploymentPostprocessing = 0;
		};
		7BB2EA401C2473FB009BFDDA /* Frameworks */ = {
			isa = PBXFrameworksBuildPhase;
			buildActionMask = 2147483647;
			files = (
			);
			runOnlyForDeploymentPostprocessing = 0;
		};
		7BB2EA4B1C2473FB009BFDDA /* Frameworks */ = {
			isa = PBXFrameworksBuildPhase;
			buildActionMask = 2147483647;
			files = (
			);
			runOnlyForDeploymentPostprocessing = 0;
		};
/* End PBXFrameworksBuildPhase section */

/* Begin PBXGroup section */
		7BB2EA231C2473FA009BFDDA = {
			isa = PBXGroup;
			children = (
				7BB2EA2E1C2473FA009BFDDA /* RelicGenerator */,
				7BB2EA461C2473FB009BFDDA /* RelicGeneratorTests */,
				7BB2EA511C2473FB009BFDDA /* RelicGeneratorUITests */,
				7BB2EA2D1C2473FA009BFDDA /* Products */,
			);
			sourceTree = "<group>";
		};
		7BB2EA2D1C2473FA009BFDDA /* Products */ = {
			isa = PBXGroup;
			children = (
				7BB2EA2C1C2473FA009BFDDA /* RelicGenerator.app */,
				7BB2EA431C2473FB009BFDDA /* RelicGeneratorTests.xctest */,
				7BB2EA4E1C2473FB009BFDDA /* RelicGeneratorUITests.xctest */,
			);
			name = Products;
			sourceTree = "<group>";
		};
		7BB2EA2E1C2473FA009BFDDA /* RelicGenerator */ = {
			isa = PBXGroup;
			children = (
				7BB2EA2F1C2473FA009BFDDA /* AppDelegate.swift */,
				7BB2EA311C2473FA009BFDDA /* ViewController.swift */,
				7BB2EA331C2473FA009BFDDA /* Main.storyboard */,
				7BB2EA391C2473FA009BFDDA /* Assets.xcassets */,
				7BB2EA3B1C2473FA009BFDDA /* LaunchScreen.storyboard */,
				7BB2EA3E1C2473FA009BFDDA /* Info.plist */,
				7BB2EA361C2473FA009BFDDA /* RelicGenerator.xcdatamodeld */,
			);
			path = RelicGenerator;
			sourceTree = "<group>";
		};
		7BB2EA461C2473FB009BFDDA /* RelicGeneratorTests */ = {
			isa = PBXGroup;
			children = (
				7BB2EA471C2473FB009BFDDA /* RelicGeneratorTests.swift */,
				7BB2EA491C2473FB009BFDDA /* Info.plist */,
			);
			path = RelicGeneratorTests;
			sourceTree = "<group>";
		};
		7BB2EA511C2473FB009BFDDA /* RelicGeneratorUITests */ = {
			isa = PBXGroup;
			children = (
				7BB2EA521C2473FB009BFDDA /* RelicGeneratorUITests.swift */,
				7BB2EA541C2473FB009BFDDA /* Info.plist */,
			);
			path = RelicGeneratorUITests;
			sourceTree = "<group>";
		};
/* End PBXGroup section */

/* Begin PBXNativeTarget section */
		7BB2EA2B1C2473FA009BFDDA /* RelicGenerator */ = {
			isa = PBXNativeTarget;
			buildConfigurationList = 7BB2EA571C2473FB009BFDDA /* Build configuration list for PBXNativeTarget "RelicGenerator" */;
			buildPhases = (
				7BB2EA281C2473FA009BFDDA /* Sources */,
				7BB2EA291C2473FA009BFDDA /* Frameworks */,
				7BB2EA2A1C2473FA009BFDDA /* Resources */,
			);
			buildRules = (
			);
			dependencies = (
			);
			name = RelicGenerator;
			productName = RelicGenerator;
			productReference = 7BB2EA2C1C2473FA009BFDDA /* RelicGenerator.app */;
			productType = "com.apple.product-type.application";
		};
		7BB2EA421C2473FB009BFDDA /* RelicGeneratorTests */ = {
			isa = PBXNativeTarget;
			buildConfigurationList = 7BB2EA5A1C2473FB009BFDDA /* Build configuration list for PBXNativeTarget "RelicGeneratorTests" */;
			buildPhases = (
				7BB2EA3F1C2473FB009BFDDA /* Sources */,
				7BB2EA401C2473FB009BFDDA /* Frameworks */,
				7BB2EA411C2473FB009BFDDA /* Resources */,
			);
			buildRules = (
			);
			dependencies = (
				7BB2EA451C2473FB009BFDDA /* PBXTargetDependency */,
			);
			name = RelicGeneratorTests;
			productName = RelicGeneratorTests;
			productReference = 7BB2EA431C2473FB009BFDDA /* RelicGeneratorTests.xctest */;
			productType = "com.apple.product-type.bundle.unit-test";
		};
		7BB2EA4D1C2473FB009BFDDA /* RelicGeneratorUITests */ = {
			isa = PBXNativeTarget;
			buildConfigurationList = 7BB2EA5D1C2473FB009BFDDA /* Build configuration list for PBXNativeTarget "RelicGeneratorUITests" */;
			buildPhases = (
				7BB2EA4A1C2473FB009BFDDA /* Sources */,
				7BB2EA4B1C2473FB009BFDDA /* Frameworks */,
				7BB2EA4C1C2473FB009BFDDA /* Resources */,
			);
			buildRules = (
			);
			dependencies = (
				7BB2EA501C2473FB009BFDDA /* PBXTargetDependency */,
			);
			name = RelicGeneratorUITests;
			productName = RelicGeneratorUITests;
			productReference = 7BB2EA4E1C2473FB009BFDDA /* RelicGeneratorUITests.xctest */;
			productType = "com.apple.product-type.bundle.ui-testing";
		};
/* End PBXNativeTarget section */

/* Begin PBXProject section */
		7BB2EA241C2473FA009BFDDA /* Project object */ = {
			isa = PBXProject;
			attributes = {
				LastSwiftUpdateCheck = 0720;
				LastUpgradeCheck = 0720;
				ORGANIZATIONNAME = "mitchell hudson";
				TargetAttributes = {
					7BB2EA2B1C2473FA009BFDDA = {
						CreatedOnToolsVersion = 7.2;
					};
					7BB2EA421C2473FB009BFDDA = {
						CreatedOnToolsVersion = 7.2;
						TestTargetID = 7BB2EA2B1C2473FA009BFDDA;
					};
					7BB2EA4D1C2473FB009BFDDA = {
						CreatedOnToolsVersion = 7.2;
						TestTargetID = 7BB2EA2B1C2473FA009BFDDA;
					};
				};
			};
			buildConfigurationList = 7BB2EA271C2473FA009BFDDA /* Build configuration list for PBXProject "RelicGenerator" */;
			compatibilityVersion = "Xcode 3.2";
			developmentRegion = English;
			hasScannedForEncodings = 0;
			knownRegions = (
				en,
				Base,
			);
			mainGroup = 7BB2EA231C2473FA009BFDDA;
			productRefGroup = 7BB2EA2D1C2473FA009BFDDA /* Products */;
			projectDirPath = "";
			projectRoot = "";
			targets = (
				7BB2EA2B1C2473FA009BFDDA /* RelicGenerator */,
				7BB2EA421C2473FB009BFDDA /* RelicGeneratorTests */,
				7BB2EA4D1C2473FB009BFDDA /* RelicGeneratorUITests */,
			);
		};
/* End PBXProject section */

/* Begin PBXResourcesBuildPhase section */
		7BB2EA2A1C2473FA009BFDDA /* Resources */ = {
			isa = PBXResourcesBuildPhase;
			buildActionMask = 2147483647;
			files = (
				7BB2EA3D1C2473FA009BFDDA /* LaunchScreen.storyboard in Resources */,
				7BB2EA3A1C2473FA009BFDDA /* Assets.xcassets in Resources */,
				7BB2EA351C2473FA009BFDDA /* Main.storyboard in Resources */,
			);
			runOnlyForDeploymentPostprocessing = 0;
		};
		7BB2EA411C2473FB009BFDDA /* Resources */ = {
			isa = PBXResourcesBuildPhase;
			buildActionMask = 2147483647;
			files = (
			);
			runOnlyForDeploymentPostprocessing = 0;
		};
		7BB2EA4C1C2473FB009BFDDA /* Resources */ = {
			isa = PBXResourcesBuildPhase;
			buildActionMask = 2147483647;
			files = (
			);
			runOnlyForDeploymentPostprocessing = 0;
		};
/* End PBXResourcesBuildPhase section */

/* Begin PBXSourcesBuildPhase section */
		7BB2EA281C2473FA009BFDDA /* Sources */ = {
			isa = PBXSourcesBuildPhase;
			buildActionMask = 2147483647;
			files = (
				7BB2EA321C2473FA009BFDDA /* ViewController.swift in Sources */,
				7BB2EA381C2473FA009BFDDA /* RelicGenerator.xcdatamodeld in Sources */,
				7BB2EA301C2473FA009BFDDA /* AppDelegate.swift in Sources */,
			);
			runOnlyForDeploymentPostprocessing = 0;
		};
		7BB2EA3F1C2473FB009BFDDA /* Sources */ = {
			isa = PBXSourcesBuildPhase;
			buildActionMask = 2147483647;
			files = (
				7BB2EA481C2473FB009BFDDA /* RelicGeneratorTests.swift in Sources */,
			);
			runOnlyForDeploymentPostprocessing = 0;
		};
		7BB2EA4A1C2473FB009BFDDA /* Sources */ = {
			isa = PBXSourcesBuildPhase;
			buildActionMask = 2147483647;
			files = (
				7BB2EA531C2473FB009BFDDA /* RelicGeneratorUITests.swift in Sources */,
			);
			runOnlyForDeploymentPostprocessing = 0;
		};
/* End PBXSourcesBuildPhase section */

/* Begin PBXTargetDependency section */
		7BB2EA451C2473FB009BFDDA /* PBXTargetDependency */ = {
			isa = PBXTargetDependency;
			target = 7BB2EA2B1C2473FA009BFDDA /* RelicGenerator */;
			targetProxy = 7BB2EA441C2473FB009BFDDA /* PBXContainerItemProxy */;
		};
		7BB2EA501C2473FB009BFDDA /* PBXTargetDependency */ = {
			isa = PBXTargetDependency;
			target = 7BB2EA2B1C2473FA009BFDDA /* RelicGenerator */;
			targetProxy = 7BB2EA4F1C2473FB009BFDDA /* PBXContainerItemProxy */;
		};
/* End PBXTargetDependency section */

/* Begin PBXVariantGroup section */
		7BB2EA331C2473FA009BFDDA /* Main.storyboard */ = {
			isa = PBXVariantGroup;
			children = (
				7BB2EA341C2473FA009BFDDA /* Base */,
			);
			name = Main.storyboard;
			sourceTree = "<group>";
		};
		7BB2EA3B1C2473FA009BFDDA /* LaunchScreen.storyboard */ = {
			isa = PBXVariantGroup;
			children = (
				7BB2EA3C1C2473FA009BFDDA /* Base */,
			);
			name = LaunchScreen.storyboard;
			sourceTree = "<group>";
		};
/* End PBXVariantGroup section */

/* Begin XCBuildConfiguration section */
		7BB2EA551C2473FB009BFDDA /* Debug */ = {
			isa = XCBuildConfiguration;
			buildSettings = {
				ALWAYS_SEARCH_USER_PATHS = NO;
				CLANG_CXX_LANGUAGE_STANDARD = "gnu++0x";
				CLANG_CXX_LIBRARY = "libc++";
				CLANG_ENABLE_MODULES = YES;
				CLANG_ENABLE_OBJC_ARC = YES;
				CLANG_WARN_BOOL_CONVERSION = YES;
				CLANG_WARN_CONSTANT_CONVERSION = YES;
				CLANG_WARN_DIRECT_OBJC_ISA_USAGE = YES_ERROR;
				CLANG_WARN_EMPTY_BODY = YES;
				CLANG_WARN_ENUM_CONVERSION = YES;
				CLANG_WARN_INT_CONVERSION = YES;
				CLANG_WARN_OBJC_ROOT_CLASS = YES_ERROR;
				CLANG_WARN_UNREACHABLE_CODE = YES;
				CLANG_WARN__DUPLICATE_METHOD_MATCH = YES;
				"CODE_SIGN_IDENTITY[sdk=iphoneos*]" = "iPhone Developer";
				COPY_PHASE_STRIP = NO;
				DEBUG_INFORMATION_FORMAT = dwarf;
				ENABLE_STRICT_OBJC_MSGSEND = YES;
				ENABLE_TESTABILITY = YES;
				GCC_C_LANGUAGE_STANDARD = gnu99;
				GCC_DYNAMIC_NO_PIC = NO;
				GCC_NO_COMMON_BLOCKS = YES;
				GCC_OPTIMIZATION_LEVEL = 0;
				GCC_PREPROCESSOR_DEFINITIONS = (
					"DEBUG=1",
					"$(inherited)",
				);
				GCC_WARN_64_TO_32_BIT_CONVERSION = YES;
				GCC_WARN_ABOUT_RETURN_TYPE = YES_ERROR;
				GCC_WARN_UNDECLARED_SELECTOR = YES;
				GCC_WARN_UNINITIALIZED_AUTOS = YES_AGGRESSIVE;
				GCC_WARN_UNUSED_FUNCTION = YES;
				GCC_WARN_UNUSED_VARIABLE = YES;
				IPHONEOS_DEPLOYMENT_TARGET = 9.2;
				MTL_ENABLE_DEBUG_INFO = YES;
				ONLY_ACTIVE_ARCH = YES;
				SDKROOT = iphoneos;
				SWIFT_OPTIMIZATION_LEVEL = "-Onone";
			};
			name = Debug;
		};
		7BB2EA561C2473FB009BFDDA /* Release */ = {
			isa = XCBuildConfiguration;
			buildSettings = {
				ALWAYS_SEARCH_USER_PATHS = NO;
				CLANG_CXX_LANGUAGE_STANDARD = "gnu++0x";
				CLANG_CXX_LIBRARY = "libc++";
				CLANG_ENABLE_MODULES = YES;
				CLANG_ENABLE_OBJC_ARC = YES;
				CLANG_WARN_BOOL_CONVERSION = YES;
				CLANG_WARN_CONSTANT_CONVERSION = YES;
				CLANG_WARN_DIRECT_OBJC_ISA_USAGE = YES_ERROR;
				CLANG_WARN_EMPTY_BODY = YES;
				CLANG_WARN_ENUM_CONVERSION = YES;
				CLANG_WARN_INT_CONVERSION = YES;
				CLANG_WARN_OBJC_ROOT_CLASS = YES_ERROR;
				CLANG_WARN_UNREACHABLE_CODE = YES;
				CLANG_WARN__DUPLICATE_METHOD_MATCH = YES;
				"CODE_SIGN_IDENTITY[sdk=iphoneos*]" = "iPhone Developer";
				COPY_PHASE_STRIP = NO;
				DEBUG_INFORMATION_FORMAT = "dwarf-with-dsym";
				ENABLE_NS_ASSERTIONS = NO;
				ENABLE_STRICT_OBJC_MSGSEND = YES;
				GCC_C_LANGUAGE_STANDARD = gnu99;
				GCC_NO_COMMON_BLOCKS = YES;
				GCC_WARN_64_TO_32_BIT_CONVERSION = YES;
				GCC_WARN_ABOUT_RETURN_TYPE = YES_ERROR;
				GCC_WARN_UNDECLARED_SELECTOR = YES;
				GCC_WARN_UNINITIALIZED_AUTOS = YES_AGGRESSIVE;
				GCC_WARN_UNUSED_FUNCTION = YES;
				GCC_WARN_UNUSED_VARIABLE = YES;
				IPHONEOS_DEPLOYMENT_TARGET = 9.2;
				MTL_ENABLE_DEBUG_INFO = NO;
				SDKROOT = iphoneos;
				VALIDATE_PRODUCT = YES;
			};
			name = Release;
		};
		7BB2EA581C2473FB009BFDDA /* Debug */ = {
			isa = XCBuildConfiguration;
			buildSettings = {
				ASSETCATALOG_COMPILER_APPICON_NAME = AppIcon;
				INFOPLIST_FILE = RelicGenerator/Info.plist;
				LD_RUNPATH_SEARCH_PATHS = "$(inherited) @executable_path/Frameworks";
				PRODUCT_BUNDLE_IDENTIFIER = com.webdevils.RelicGenerator;
				PRODUCT_NAME = "$(TARGET_NAME)";
			};
			name = Debug;
		};
		7BB2EA591C2473FB009BFDDA /* Release */ = {
			isa = XCBuildConfiguration;
			buildSettings = {
				ASSETCATALOG_COMPILER_APPICON_NAME = AppIcon;
				INFOPLIST_FILE = RelicGenerator/Info.plist;
				LD_RUNPATH_SEARCH_PATHS = "$(inherited) @executable_path/Frameworks";
				PRODUCT_BUNDLE_IDENTIFIER = com.webdevils.RelicGenerator;
				PRODUCT_NAME = "$(TARGET_NAME)";
			};
			name = Release;
		};
		7BB2EA5B1C2473FB009BFDDA /* Debug */ = {
			isa = XCBuildConfiguration;
			buildSettings = {
				BUNDLE_LOADER = "$(TEST_HOST)";
				INFOPLIST_FILE = RelicGeneratorTests/Info.plist;
				LD_RUNPATH_SEARCH_PATHS = "$(inherited) @executable_path/Frameworks @loader_path/Frameworks";
				PRODUCT_BUNDLE_IDENTIFIER = com.webdevils.RelicGeneratorTests;
				PRODUCT_NAME = "$(TARGET_NAME)";
				TEST_HOST = "$(BUILT_PRODUCTS_DIR)/RelicGenerator.app/RelicGenerator";
			};
			name = Debug;
		};
		7BB2EA5C1C2473FB009BFDDA /* Release */ = {
			isa = XCBuildConfiguration;
			buildSettings = {
				BUNDLE_LOADER = "$(TEST_HOST)";
				INFOPLIST_FILE = RelicGeneratorTests/Info.plist;
				LD_RUNPATH_SEARCH_PATHS = "$(inherited) @executable_path/Frameworks @loader_path/Frameworks";
				PRODUCT_BUNDLE_IDENTIFIER = com.webdevils.RelicGeneratorTests;
				PRODUCT_NAME = "$(TARGET_NAME)";
				TEST_HOST = "$(BUILT_PRODUCTS_DIR)/RelicGenerator.app/RelicGenerator";
			};
			name = Release;
		};
		7BB2EA5E1C2473FB009BFDDA /* Debug */ = {
			isa = XCBuildConfiguration;
			buildSettings = {
				INFOPLIST_FILE = RelicGeneratorUITests/Info.plist;
				LD_RUNPATH_SEARCH_PATHS = "$(inherited) @executable_path/Frameworks @loader_path/Frameworks";
				PRODUCT_BUNDLE_IDENTIFIER = com.webdevils.RelicGeneratorUITests;
				PRODUCT_NAME = "$(TARGET_NAME)";
				TEST_TARGET_NAME = RelicGenerator;
				USES_XCTRUNNER = YES;
			};
			name = Debug;
		};
		7BB2EA5F1C2473FB009BFDDA /* Release */ = {
			isa = XCBuildConfiguration;
			buildSettings = {
				INFOPLIST_FILE = RelicGeneratorUITests/Info.plist;
				LD_RUNPATH_SEARCH_PATHS = "$(inherited) @executable_path/Frameworks @loader_path/Frameworks";
				PRODUCT_BUNDLE_IDENTIFIER = com.webdevils.RelicGeneratorUITests;
				PRODUCT_NAME = "$(TARGET_NAME)";
				TEST_TARGET_NAME = RelicGenerator;
				USES_XCTRUNNER = YES;
			};
			name = Release;
		};
/* End XCBuildConfiguration section */

/* Begin XCConfigurationList section */
		7BB2EA271C2473FA009BFDDA /* Build configuration list for PBXProject "RelicGenerator" */ = {
			isa = XCConfigurationList;
			buildConfigurations = (
				7BB2EA551C2473FB009BFDDA /* Debug */,
				7BB2EA561C2473FB009BFDDA /* Release */,
			);
			defaultConfigurationIsVisible = 0;
			defaultConfigurationName = Release;
		};
		7BB2EA571C2473FB009BFDDA /* Build configuration list for PBXNativeTarget "RelicGenerator" */ = {
			isa = XCConfigurationList;
			buildConfigurations = (
				7BB2EA581C2473FB009BFDDA /* Debug */,
				7BB2EA591C2473FB009BFDDA /* Release */,
			);
			defaultConfigurationIsVisible = 0;
		};
		7BB2EA5A1C2473FB009BFDDA /* Build configuration list for PBXNativeTarget "RelicGeneratorTests" */ = {
			isa = XCConfigurationList;
			buildConfigurations = (
				7BB2EA5B1C2473FB009BFDDA /* Debug */,
				7BB2EA5C1C2473FB009BFDDA /* Release */,
			);
			defaultConfigurationIsVisible = 0;
		};
		7BB2EA5D1C2473FB009BFDDA /* Build configuration list for PBXNativeTarget "RelicGeneratorUITests" */ = {
			isa = XCConfigurationList;
			buildConfigurations = (
				7BB2EA5E1C2473FB009BFDDA /* Debug */,
				7BB2EA5F1C2473FB009BFDDA /* Release */,
			);
			defaultConfigurationIsVisible = 0;
		};
/* End XCConfigurationList section */

/* Begin XCVersionGroup section */
		7BB2EA361C2473FA009BFDDA /* RelicGenerator.xcdatamodeld */ = {
			isa = XCVersionGroup;
			children = (
				7BB2EA371C2473FA009BFDDA /* RelicGenerator.xcdatamodel */,
			);
			currentVersion = 7BB2EA371C2473FA009BFDDA /* RelicGenerator.xcdatamodel */;
			path = RelicGenerator.xcdatamodeld;
			sourceTree = "<group>";
			versionGroupType = wrapper.xcdatamodel;
		};
/* End XCVersionGroup section */
	};
	rootObject = 7BB2EA241C2473FA009BFDDA /* Project object */;
}
